
Microsoft Visual Studio Solution File, Format Version 12.00
# Visual Studio Version 17
VisualStudioVersion = 17.7.34202.233
MinimumVisualStudioVersion = 10.0.40219.1
Project("{FAE04EC0-301F-11D3-BF4B-00C04F79EFBC}") = "Task1", "Task1\Task1.csproj", "{0A6751D4-239A-46A1-A575-0205EEDC67E7}"
EndProject
Project("{FAE04EC0-301F-11D3-BF4B-00C04F79EFBC}") = "Task2", "Task2\Task2.csproj", "{07C9A708-6458-4132-910D-ECB8F903C6A4}"
EndProject
Global
	GlobalSection(SolutionConfigurationPlatforms) = preSolution
		Debug|Any CPU = Debug|Any CPU
		Release|Any CPU = Release|Any CPU
	EndGlobalSection
	GlobalSection(ProjectConfigurationPlatforms) = postSolution
		{0A6751D4-239A-46A1-A575-0205EEDC67E7}.Debug|Any CPU.ActiveCfg = Debug|Any CPU
		{0A6751D4-239A-46A1-A575-0205EEDC67E7}.Debug|Any CPU.Build.0 = Debug|Any CPU
		{0A6751D4-239A-46A1-A575-0205EEDC67E7}.Release|Any CPU.ActiveCfg = Release|Any CPU
		{0A6751D4-239A-46A1-A575-0205EEDC67E7}.Release|Any CPU.Build.0 = Release|Any CPU
		{07C9A708-6458-4132-910D-ECB8F903C6A4}.Debug|Any CPU.ActiveCfg = Debug|Any CPU
		{07C9A708-6458-4132-910D-ECB8F903C6A4}.Debug|Any CPU.Build.0 = Debug|Any CPU
		{07C9A708-6458-4132-910D-ECB8F903C6A4}.Release|Any CPU.ActiveCfg = Release|Any CPU
		{07C9A708-6458-4132-910D-ECB8F903C6A4}.Release|Any CPU.Build.0 = Release|Any CPU
	EndGlobalSection
	GlobalSection(SolutionProperties) = preSolution
		HideSolutionNode = FALSE
	EndGlobalSection
	GlobalSection(ExtensibilityGlobals) = postSolution
		SolutionGuid = {464CB25A-D0F9-42E6-9EEE-60E3CE59323B}
	EndGlobalSection
EndGlobal
